
Microsoft Visual Studio Solution File, Format Version 12.00
# Visual Studio Version 17
VisualStudioVersion = 17.4.33110.190
MinimumVisualStudioVersion = 10.0.40219.1
Project("{9A19103F-16F7-4668-BE54-9A1E7A4F7556}") = "JimmyLinq", "JimmyLinq.csproj", "{CCA92319-C5B7-443D-8091-AB360D0FC709}"
EndProject
Project("{FAE04EC0-301F-11D3-BF4B-00C04F79EFBC}") = "JimmyLinqUnitTests", "..\JimmyLinqUnitTests\JimmyLinqUnitTests.csproj", "{0B45E146-C9BC-454E-892A-C7A008F95B72}"
EndProject
Global
	GlobalSection(SolutionConfigurationPlatforms) = preSolution
		Debug|Any CPU = Debug|Any CPU
		Release|Any CPU = Release|Any CPU
	EndGlobalSection
	GlobalSection(ProjectConfigurationPlatforms) = postSolution
		{CCA92319-C5B7-443D-8091-AB360D0FC709}.Debug|Any CPU.ActiveCfg = Debug|Any CPU
		{CCA92319-C5B7-443D-8091-AB360D0FC709}.Debug|Any CPU.Build.0 = Debug|Any CPU
		{CCA92319-C5B7-443D-8091-AB360D0FC709}.Release|Any CPU.ActiveCfg = Release|Any CPU
		{CCA92319-C5B7-443D-8091-AB360D0FC709}.Release|Any CPU.Build.0 = Release|Any CPU
		{0B45E146-C9BC-454E-892A-C7A008F95B72}.Debug|Any CPU.ActiveCfg = Debug|Any CPU
		{0B45E146-C9BC-454E-892A-C7A008F95B72}.Debug|Any CPU.Build.0 = Debug|Any CPU
		{0B45E146-C9BC-454E-892A-C7A008F95B72}.Release|Any CPU.ActiveCfg = Release|Any CPU
		{0B45E146-C9BC-454E-892A-C7A008F95B72}.Release|Any CPU.Build.0 = Release|Any CPU
	EndGlobalSection
	GlobalSection(SolutionProperties) = preSolution
		HideSolutionNode = FALSE
	EndGlobalSection
	GlobalSection(ExtensibilityGlobals) = postSolution
		SolutionGuid = {BEDDA13C-CEE8-40CC-A101-CF45350FB381}
	EndGlobalSection
EndGlobal
